
Microsoft Visual Studio Solution File, Format Version 12.00
# Visual Studio Version 17
VisualStudioVersion = 17.8.34316.72
MinimumVisualStudioVersion = 10.0.40219.1
Project("{FAE04EC0-301F-11D3-BF4B-00C04F79EFBC}") = "GA_InsertionSort_EdnalynnLaxa", "GA_InsertionSort_EdnalynnLaxa.csproj", "{1F5014D0-9B8F-471B-A1D5-711511C96D9A}"
EndProject
Global
	GlobalSection(SolutionConfigurationPlatforms) = preSolution
		Debug|Any CPU = Debug|Any CPU
		Release|Any CPU = Release|Any CPU
	EndGlobalSection
	GlobalSection(ProjectConfigurationPlatforms) = postSolution
		{1F5014D0-9B8F-471B-A1D5-711511C96D9A}.Debug|Any CPU.ActiveCfg = Debug|Any CPU
		{1F5014D0-9B8F-471B-A1D5-711511C96D9A}.Debug|Any CPU.Build.0 = Debug|Any CPU
		{1F5014D0-9B8F-471B-A1D5-711511C96D9A}.Release|Any CPU.ActiveCfg = Release|Any CPU
		{1F5014D0-9B8F-471B-A1D5-711511C96D9A}.Release|Any CPU.Build.0 = Release|Any CPU
	EndGlobalSection
	GlobalSection(SolutionProperties) = preSolution
		HideSolutionNode = FALSE
	EndGlobalSection
	GlobalSection(ExtensibilityGlobals) = postSolution
		SolutionGuid = {C6AF3A13-C2E2-4EBD-BE93-2DE0673A8394}
	EndGlobalSection
EndGlobal
